
Microsoft Visual Studio Solution File, Format Version 12.00
# Visual Studio Version 17
VisualStudioVersion = 17.0.31903.59
MinimumVisualStudioVersion = 10.0.40219.1
Project("{FAE04EC0-301F-11D3-BF4B-00C04F79EFBC}") = "Robot.Api", "Robot.Api\Robot.Api.csproj", "{D74487E7-93DE-45B4-BA23-3D47D7BE82C5}"
EndProject
Project("{FAE04EC0-301F-11D3-BF4B-00C04F79EFBC}") = "Robot.L298N", "Robot.L298N\Robot.L298N.csproj", "{81351D5F-29CB-4188-8B38-42189F31586C}"
EndProject
Project("{FAE04EC0-301F-11D3-BF4B-00C04F79EFBC}") = "Robot.Linux", "Robot.Linux\Robot.Linux.csproj", "{5BCA0D26-20CF-418F-8ACB-4DEC86B184C0}"
EndProject
Project("{FAE04EC0-301F-11D3-BF4B-00C04F79EFBC}") = "Robot.Services", "Robot.Services\Robot.Services.csproj", "{A6C16C56-E839-47E7-9D03-B93DC98C08DF}"
EndProject
Project("{FAE04EC0-301F-11D3-BF4B-00C04F79EFBC}") = "Robot.Models", "Robot.Models\Robot.Models.csproj", "{254F4EED-91A7-40BA-AF91-A42020E5C72A}"
EndProject
Global
	GlobalSection(SolutionConfigurationPlatforms) = preSolution
		Debug|Any CPU = Debug|Any CPU
		Release|Any CPU = Release|Any CPU
	EndGlobalSection
	GlobalSection(ProjectConfigurationPlatforms) = postSolution
		{D74487E7-93DE-45B4-BA23-3D47D7BE82C5}.Debug|Any CPU.ActiveCfg = Debug|Any CPU
		{D74487E7-93DE-45B4-BA23-3D47D7BE82C5}.Debug|Any CPU.Build.0 = Debug|Any CPU
		{D74487E7-93DE-45B4-BA23-3D47D7BE82C5}.Release|Any CPU.ActiveCfg = Release|Any CPU
		{D74487E7-93DE-45B4-BA23-3D47D7BE82C5}.Release|Any CPU.Build.0 = Release|Any CPU
		{81351D5F-29CB-4188-8B38-42189F31586C}.Debug|Any CPU.ActiveCfg = Debug|Any CPU
		{81351D5F-29CB-4188-8B38-42189F31586C}.Debug|Any CPU.Build.0 = Debug|Any CPU
		{81351D5F-29CB-4188-8B38-42189F31586C}.Release|Any CPU.ActiveCfg = Release|Any CPU
		{81351D5F-29CB-4188-8B38-42189F31586C}.Release|Any CPU.Build.0 = Release|Any CPU
		{5BCA0D26-20CF-418F-8ACB-4DEC86B184C0}.Debug|Any CPU.ActiveCfg = Debug|Any CPU
		{5BCA0D26-20CF-418F-8ACB-4DEC86B184C0}.Debug|Any CPU.Build.0 = Debug|Any CPU
		{5BCA0D26-20CF-418F-8ACB-4DEC86B184C0}.Release|Any CPU.ActiveCfg = Release|Any CPU
		{5BCA0D26-20CF-418F-8ACB-4DEC86B184C0}.Release|Any CPU.Build.0 = Release|Any CPU
		{A6C16C56-E839-47E7-9D03-B93DC98C08DF}.Debug|Any CPU.ActiveCfg = Debug|Any CPU
		{A6C16C56-E839-47E7-9D03-B93DC98C08DF}.Debug|Any CPU.Build.0 = Debug|Any CPU
		{A6C16C56-E839-47E7-9D03-B93DC98C08DF}.Release|Any CPU.ActiveCfg = Release|Any CPU
		{A6C16C56-E839-47E7-9D03-B93DC98C08DF}.Release|Any CPU.Build.0 = Release|Any CPU
		{254F4EED-91A7-40BA-AF91-A42020E5C72A}.Debug|Any CPU.ActiveCfg = Debug|Any CPU
		{254F4EED-91A7-40BA-AF91-A42020E5C72A}.Debug|Any CPU.Build.0 = Debug|Any CPU
		{254F4EED-91A7-40BA-AF91-A42020E5C72A}.Release|Any CPU.ActiveCfg = Release|Any CPU
		{254F4EED-91A7-40BA-AF91-A42020E5C72A}.Release|Any CPU.Build.0 = Release|Any CPU
	EndGlobalSection
	GlobalSection(SolutionProperties) = preSolution
		HideSolutionNode = FALSE
	EndGlobalSection
	GlobalSection(ExtensibilityGlobals) = postSolution
		SolutionGuid = {B24E0492-BA22-40D7-A5CA-9734F160DACA}
	EndGlobalSection
EndGlobal
